<Solution>
  <Project Path="CommonRelyOn/CommonRelyOn.csproj" />
  <Project Path="SkyFrpPanel.CodeGenerator/SkyFrpPanel.CodeGenerator.csproj" />
  <Project Path="SkyFrpPanel.Common/SkyFrpPanel.Common.csproj" />
  <Project Path="SkyFrpPanel.Infrastructure/SkyFrpPanel.Infrastructure.csproj" />
  <Project Path="SkyFrpPanel.Mall/SkyFrpPanel.Mall.csproj" />
  <Project Path="SkyFrpPanel.Model/SkyFrpPanel.Model.csproj" />
  <Project Path="SkyFrpPanel.Repository/SkyFrpPanel.Repository.csproj" />
  <Project Path="SkyFrpPanel.Server/SkyFrpPanel.Server.csproj" />
  <Project Path="SkyFrpPanel.Service/SkyFrpPanel.Service.csproj" />
  <Project Path="SkyFrpPanel.ServiceCore/SkyFrpPanel.ServiceCore.csproj" />
  <Project Path="SkyFrpPanel.Tasks/SkyFrpPanel.Tasks.csproj" />
</Solution>
